
Microsoft Visual Studio Solution File, Format Version 12.00
# Visual Studio Version 16
VisualStudioVersion = 16.0.29519.87
MinimumVisualStudioVersion = 10.0.40219.1
Project("{FAE04EC0-301F-11D3-BF4B-00C04F79EFBC}") = "Problem1", "Problem1\Problem1.csproj", "{C9E302D5-B46C-4FE1-ACDE-2DA3FD0124A5}"
EndProject
Project("{FAE04EC0-301F-11D3-BF4B-00C04F79EFBC}") = "Problem2", "Problem2\Problem2.csproj", "{A61670BE-D795-4F3F-B804-54212B954180}"
EndProject
Global
	GlobalSection(SolutionConfigurationPlatforms) = preSolution
		Debug|Any CPU = Debug|Any CPU
		Release|Any CPU = Release|Any CPU
	EndGlobalSection
	GlobalSection(ProjectConfigurationPlatforms) = postSolution
		{C9E302D5-B46C-4FE1-ACDE-2DA3FD0124A5}.Debug|Any CPU.ActiveCfg = Debug|Any CPU
		{C9E302D5-B46C-4FE1-ACDE-2DA3FD0124A5}.Debug|Any CPU.Build.0 = Debug|Any CPU
		{C9E302D5-B46C-4FE1-ACDE-2DA3FD0124A5}.Release|Any CPU.ActiveCfg = Release|Any CPU
		{C9E302D5-B46C-4FE1-ACDE-2DA3FD0124A5}.Release|Any CPU.Build.0 = Release|Any CPU
		{A61670BE-D795-4F3F-B804-54212B954180}.Debug|Any CPU.ActiveCfg = Debug|Any CPU
		{A61670BE-D795-4F3F-B804-54212B954180}.Debug|Any CPU.Build.0 = Debug|Any CPU
		{A61670BE-D795-4F3F-B804-54212B954180}.Release|Any CPU.ActiveCfg = Release|Any CPU
		{A61670BE-D795-4F3F-B804-54212B954180}.Release|Any CPU.Build.0 = Release|Any CPU
	EndGlobalSection
	GlobalSection(SolutionProperties) = preSolution
		HideSolutionNode = FALSE
	EndGlobalSection
	GlobalSection(ExtensibilityGlobals) = postSolution
		SolutionGuid = {8BB1EF38-5522-406A-A26E-38EA9886CD9C}
	EndGlobalSection
EndGlobal
